
Microsoft Visual Studio Solution File, Format Version 12.00
Project("{FAE04EC0-301F-11D3-BF4B-00C04F79EFBC}") = "TecNM.NotesApp.Api", "TecNM.NotesApp.Api\TecNM.NotesApp.Api.csproj", "{70C955B4-BBB3-40E5-A6DD-9BD3A39C52FC}"
EndProject
Project("{FAE04EC0-301F-11D3-BF4B-00C04F79EFBC}") = "TecNM.NotesApp.Core", "TecNM.NotesApp.Core\TecNM.NotesApp.Core.csproj", "{4CE99FD9-2CE0-4A39-A507-C5A6586F0173}"
EndProject
Global
	GlobalSection(SolutionConfigurationPlatforms) = preSolution
		Debug|Any CPU = Debug|Any CPU
		Release|Any CPU = Release|Any CPU
	EndGlobalSection
	GlobalSection(ProjectConfigurationPlatforms) = postSolution
		{70C955B4-BBB3-40E5-A6DD-9BD3A39C52FC}.Debug|Any CPU.ActiveCfg = Debug|Any CPU
		{70C955B4-BBB3-40E5-A6DD-9BD3A39C52FC}.Debug|Any CPU.Build.0 = Debug|Any CPU
		{70C955B4-BBB3-40E5-A6DD-9BD3A39C52FC}.Release|Any CPU.ActiveCfg = Release|Any CPU
		{70C955B4-BBB3-40E5-A6DD-9BD3A39C52FC}.Release|Any CPU.Build.0 = Release|Any CPU
		{4CE99FD9-2CE0-4A39-A507-C5A6586F0173}.Debug|Any CPU.ActiveCfg = Debug|Any CPU
		{4CE99FD9-2CE0-4A39-A507-C5A6586F0173}.Debug|Any CPU.Build.0 = Debug|Any CPU
		{4CE99FD9-2CE0-4A39-A507-C5A6586F0173}.Release|Any CPU.ActiveCfg = Release|Any CPU
		{4CE99FD9-2CE0-4A39-A507-C5A6586F0173}.Release|Any CPU.Build.0 = Release|Any CPU
	EndGlobalSection
EndGlobal
